("quicklisp" .
 (:class qlot/source/dist:source-dist
  :initargs (:distribution "https://beta.quicklisp.org/dist/quicklisp.txt" :%version :latest)
  :version "2026-01-01"))
("cl-str" .
 (:class qlot/source/ql:source-ql
  :initargs (:%version :latest)
  :version "ql-2026-01-01"))
("trivia" .
 (:class qlot/source/ql:source-ql
  :initargs (:%version :latest)
  :version "ql-2026-01-01"))
("iterate" .
 (:class qlot/source/ql:source-ql
  :initargs (:%version :latest)
  :version "ql-2026-01-01"))
("serapeum" .
 (:class qlot/source/ql:source-ql
  :initargs (:%version :latest)
  :version "ql-2026-01-01"))
